
Microsoft Visual Studio Solution File, Format Version 12.00
# Visual Studio 15
VisualStudioVersion = 15.0.27703.2035
MinimumVisualStudioVersion = 10.0.40219.1
Project("{FAE04EC0-301F-11D3-BF4B-00C04F79EFBC}") = "FizzBuzzTree", "FizzBuzzTree\FizzBuzzTree.csproj", "{69818F03-6C2C-44BB-9993-18B34245B989}"
EndProject
Project("{FAE04EC0-301F-11D3-BF4B-00C04F79EFBC}") = "FBTreetest", "FBTreetest\FBTreetest.csproj", "{5C5B48F7-22AD-49C0-998A-69B8D5B47FEF}"
EndProject
Global
	GlobalSection(SolutionConfigurationPlatforms) = preSolution
		Debug|Any CPU = Debug|Any CPU
		Release|Any CPU = Release|Any CPU
	EndGlobalSection
	GlobalSection(ProjectConfigurationPlatforms) = postSolution
		{69818F03-6C2C-44BB-9993-18B34245B989}.Debug|Any CPU.ActiveCfg = Debug|Any CPU
		{69818F03-6C2C-44BB-9993-18B34245B989}.Debug|Any CPU.Build.0 = Debug|Any CPU
		{69818F03-6C2C-44BB-9993-18B34245B989}.Release|Any CPU.ActiveCfg = Release|Any CPU
		{69818F03-6C2C-44BB-9993-18B34245B989}.Release|Any CPU.Build.0 = Release|Any CPU
		{5C5B48F7-22AD-49C0-998A-69B8D5B47FEF}.Debug|Any CPU.ActiveCfg = Debug|Any CPU
		{5C5B48F7-22AD-49C0-998A-69B8D5B47FEF}.Debug|Any CPU.Build.0 = Debug|Any CPU
		{5C5B48F7-22AD-49C0-998A-69B8D5B47FEF}.Release|Any CPU.ActiveCfg = Release|Any CPU
		{5C5B48F7-22AD-49C0-998A-69B8D5B47FEF}.Release|Any CPU.Build.0 = Release|Any CPU
	EndGlobalSection
	GlobalSection(SolutionProperties) = preSolution
		HideSolutionNode = FALSE
	EndGlobalSection
	GlobalSection(ExtensibilityGlobals) = postSolution
		SolutionGuid = {27227CBB-0130-4459-8858-E01C106408ED}
	EndGlobalSection
EndGlobal
