
Microsoft Visual Studio Solution File, Format Version 12.00
# Visual Studio 15
VisualStudioVersion = 15.0.27703.2026
MinimumVisualStudioVersion = 10.0.40219.1
Project("{FAE04EC0-301F-11D3-BF4B-00C04F79EFBC}") = "FIFOanimalShelterQueue", "FIFOanimalShelterQueue\FIFOanimalShelterQueue.csproj", "{B0CDE322-086E-45BC-AA17-50EB35B2BBEB}"
EndProject
Project("{FAE04EC0-301F-11D3-BF4B-00C04F79EFBC}") = "FIFOanimalShelterQueueTests", "FIFOanimalShelterQueueTests\FIFOanimalShelterQueueTests.csproj", "{94908F9C-9439-411B-A065-2D31988425BA}"
EndProject
Global
	GlobalSection(SolutionConfigurationPlatforms) = preSolution
		Debug|Any CPU = Debug|Any CPU
		Release|Any CPU = Release|Any CPU
	EndGlobalSection
	GlobalSection(ProjectConfigurationPlatforms) = postSolution
		{B0CDE322-086E-45BC-AA17-50EB35B2BBEB}.Debug|Any CPU.ActiveCfg = Debug|Any CPU
		{B0CDE322-086E-45BC-AA17-50EB35B2BBEB}.Debug|Any CPU.Build.0 = Debug|Any CPU
		{B0CDE322-086E-45BC-AA17-50EB35B2BBEB}.Release|Any CPU.ActiveCfg = Release|Any CPU
		{B0CDE322-086E-45BC-AA17-50EB35B2BBEB}.Release|Any CPU.Build.0 = Release|Any CPU
		{94908F9C-9439-411B-A065-2D31988425BA}.Debug|Any CPU.ActiveCfg = Debug|Any CPU
		{94908F9C-9439-411B-A065-2D31988425BA}.Debug|Any CPU.Build.0 = Debug|Any CPU
		{94908F9C-9439-411B-A065-2D31988425BA}.Release|Any CPU.ActiveCfg = Release|Any CPU
		{94908F9C-9439-411B-A065-2D31988425BA}.Release|Any CPU.Build.0 = Release|Any CPU
	EndGlobalSection
	GlobalSection(SolutionProperties) = preSolution
		HideSolutionNode = FALSE
	EndGlobalSection
	GlobalSection(ExtensibilityGlobals) = postSolution
		SolutionGuid = {80AA3002-2BCB-4D25-A4C8-30BAD0A56A94}
	EndGlobalSection
EndGlobal
