
Microsoft Visual Studio Solution File, Format Version 12.00
# Visual Studio 15
VisualStudioVersion = 15.0.28010.2003
MinimumVisualStudioVersion = 10.0.40219.1
Project("{FAE04EC0-301F-11D3-BF4B-00C04F79EFBC}") = "MergeSinglyLinkedListFromEnd", "MergeSinglyLinkedListFromEnd\MergeSinglyLinkedListFromEnd.csproj", "{493C3471-EEA1-4985-BB6A-47C8B60C6950}"
EndProject
Global
	GlobalSection(SolutionConfigurationPlatforms) = preSolution
		Debug|Any CPU = Debug|Any CPU
		Release|Any CPU = Release|Any CPU
	EndGlobalSection
	GlobalSection(ProjectConfigurationPlatforms) = postSolution
		{493C3471-EEA1-4985-BB6A-47C8B60C6950}.Debug|Any CPU.ActiveCfg = Debug|Any CPU
		{493C3471-EEA1-4985-BB6A-47C8B60C6950}.Debug|Any CPU.Build.0 = Debug|Any CPU
		{493C3471-EEA1-4985-BB6A-47C8B60C6950}.Release|Any CPU.ActiveCfg = Release|Any CPU
		{493C3471-EEA1-4985-BB6A-47C8B60C6950}.Release|Any CPU.Build.0 = Release|Any CPU
	EndGlobalSection
	GlobalSection(SolutionProperties) = preSolution
		HideSolutionNode = FALSE
	EndGlobalSection
	GlobalSection(ExtensibilityGlobals) = postSolution
		SolutionGuid = {78D65511-82DC-4D46-91E2-C0B7BA03027D}
	EndGlobalSection
EndGlobal
