
Microsoft Visual Studio Solution File, Format Version 12.00
# Visual Studio 15
VisualStudioVersion = 15.0.28307.102
MinimumVisualStudioVersion = 10.0.40219.1
Project("{FAE04EC0-301F-11D3-BF4B-00C04F79EFBC}") = "PrintAllParentheses", "PrintAllParentheses\PrintAllParentheses.csproj", "{F5F9E8E7-86A4-4885-BE15-C7D78B2C7108}"
EndProject
Global
	GlobalSection(SolutionConfigurationPlatforms) = preSolution
		Debug|Any CPU = Debug|Any CPU
		Release|Any CPU = Release|Any CPU
	EndGlobalSection
	GlobalSection(ProjectConfigurationPlatforms) = postSolution
		{F5F9E8E7-86A4-4885-BE15-C7D78B2C7108}.Debug|Any CPU.ActiveCfg = Debug|Any CPU
		{F5F9E8E7-86A4-4885-BE15-C7D78B2C7108}.Debug|Any CPU.Build.0 = Debug|Any CPU
		{F5F9E8E7-86A4-4885-BE15-C7D78B2C7108}.Release|Any CPU.ActiveCfg = Release|Any CPU
		{F5F9E8E7-86A4-4885-BE15-C7D78B2C7108}.Release|Any CPU.Build.0 = Release|Any CPU
	EndGlobalSection
	GlobalSection(SolutionProperties) = preSolution
		HideSolutionNode = FALSE
	EndGlobalSection
	GlobalSection(ExtensibilityGlobals) = postSolution
		SolutionGuid = {D106AC90-5F56-4F0B-B0C1-B60DC7F8E18F}
	EndGlobalSection
EndGlobal
