
Microsoft Visual Studio Solution File, Format Version 12.00
# Visual Studio 15
VisualStudioVersion = 15.0.28010.2036
MinimumVisualStudioVersion = 10.0.40219.1
Project("{FAE04EC0-301F-11D3-BF4B-00C04F79EFBC}") = "CountAndSay", "CountAndSay\CountAndSay.csproj", "{4A73C3A1-6B4B-492A-AE38-6BC416AC8E43}"
EndProject
Global
	GlobalSection(SolutionConfigurationPlatforms) = preSolution
		Debug|Any CPU = Debug|Any CPU
		Release|Any CPU = Release|Any CPU
	EndGlobalSection
	GlobalSection(ProjectConfigurationPlatforms) = postSolution
		{4A73C3A1-6B4B-492A-AE38-6BC416AC8E43}.Debug|Any CPU.ActiveCfg = Debug|Any CPU
		{4A73C3A1-6B4B-492A-AE38-6BC416AC8E43}.Debug|Any CPU.Build.0 = Debug|Any CPU
		{4A73C3A1-6B4B-492A-AE38-6BC416AC8E43}.Release|Any CPU.ActiveCfg = Release|Any CPU
		{4A73C3A1-6B4B-492A-AE38-6BC416AC8E43}.Release|Any CPU.Build.0 = Release|Any CPU
	EndGlobalSection
	GlobalSection(SolutionProperties) = preSolution
		HideSolutionNode = FALSE
	EndGlobalSection
	GlobalSection(ExtensibilityGlobals) = postSolution
		SolutionGuid = {8C1E2C9A-A448-4BB9-9B1B-44CE28DF477D}
	EndGlobalSection
EndGlobal
