
Microsoft Visual Studio Solution File, Format Version 12.00
# Visual Studio 15
VisualStudioVersion = 15.0.28010.2003
MinimumVisualStudioVersion = 10.0.40219.1
Project("{FAE04EC0-301F-11D3-BF4B-00C04F79EFBC}") = "RotateArray", "RotateArray\RotateArray.csproj", "{1080B8B9-9E67-4497-9318-5B38DE8A13F3}"
EndProject
Global
	GlobalSection(SolutionConfigurationPlatforms) = preSolution
		Debug|Any CPU = Debug|Any CPU
		Release|Any CPU = Release|Any CPU
	EndGlobalSection
	GlobalSection(ProjectConfigurationPlatforms) = postSolution
		{1080B8B9-9E67-4497-9318-5B38DE8A13F3}.Debug|Any CPU.ActiveCfg = Debug|Any CPU
		{1080B8B9-9E67-4497-9318-5B38DE8A13F3}.Debug|Any CPU.Build.0 = Debug|Any CPU
		{1080B8B9-9E67-4497-9318-5B38DE8A13F3}.Release|Any CPU.ActiveCfg = Release|Any CPU
		{1080B8B9-9E67-4497-9318-5B38DE8A13F3}.Release|Any CPU.Build.0 = Release|Any CPU
	EndGlobalSection
	GlobalSection(SolutionProperties) = preSolution
		HideSolutionNode = FALSE
	EndGlobalSection
	GlobalSection(ExtensibilityGlobals) = postSolution
		SolutionGuid = {C74C260F-31A3-4055-BA7E-98335AD7336E}
	EndGlobalSection
EndGlobal
