
Microsoft Visual Studio Solution File, Format Version 12.00
# Visual Studio 15
VisualStudioVersion = 15.0.28307.168
MinimumVisualStudioVersion = 10.0.40219.1
Project("{FAE04EC0-301F-11D3-BF4B-00C04F79EFBC}") = "PascalsTriangle", "PascalsTriangle\PascalsTriangle.csproj", "{4516398F-7BCB-4CAB-A7B3-24D90873D00D}"
EndProject
Global
	GlobalSection(SolutionConfigurationPlatforms) = preSolution
		Debug|Any CPU = Debug|Any CPU
		Release|Any CPU = Release|Any CPU
	EndGlobalSection
	GlobalSection(ProjectConfigurationPlatforms) = postSolution
		{4516398F-7BCB-4CAB-A7B3-24D90873D00D}.Debug|Any CPU.ActiveCfg = Debug|Any CPU
		{4516398F-7BCB-4CAB-A7B3-24D90873D00D}.Debug|Any CPU.Build.0 = Debug|Any CPU
		{4516398F-7BCB-4CAB-A7B3-24D90873D00D}.Release|Any CPU.ActiveCfg = Release|Any CPU
		{4516398F-7BCB-4CAB-A7B3-24D90873D00D}.Release|Any CPU.Build.0 = Release|Any CPU
	EndGlobalSection
	GlobalSection(SolutionProperties) = preSolution
		HideSolutionNode = FALSE
	EndGlobalSection
	GlobalSection(ExtensibilityGlobals) = postSolution
		SolutionGuid = {A25B2C5D-915D-47B6-8208-938FEAE8E1B9}
	EndGlobalSection
EndGlobal
