
Microsoft Visual Studio Solution File, Format Version 12.00
# Visual Studio 15
VisualStudioVersion = 15.0.28010.2048
MinimumVisualStudioVersion = 10.0.40219.1
Project("{FAE04EC0-301F-11D3-BF4B-00C04F79EFBC}") = "LengthOfLastWord", "LengthOfLastWord\LengthOfLastWord.csproj", "{4B7E4720-18E5-4362-8A48-1BAD45F287AA}"
EndProject
Global
	GlobalSection(SolutionConfigurationPlatforms) = preSolution
		Debug|Any CPU = Debug|Any CPU
		Release|Any CPU = Release|Any CPU
	EndGlobalSection
	GlobalSection(ProjectConfigurationPlatforms) = postSolution
		{4B7E4720-18E5-4362-8A48-1BAD45F287AA}.Debug|Any CPU.ActiveCfg = Debug|Any CPU
		{4B7E4720-18E5-4362-8A48-1BAD45F287AA}.Debug|Any CPU.Build.0 = Debug|Any CPU
		{4B7E4720-18E5-4362-8A48-1BAD45F287AA}.Release|Any CPU.ActiveCfg = Release|Any CPU
		{4B7E4720-18E5-4362-8A48-1BAD45F287AA}.Release|Any CPU.Build.0 = Release|Any CPU
	EndGlobalSection
	GlobalSection(SolutionProperties) = preSolution
		HideSolutionNode = FALSE
	EndGlobalSection
	GlobalSection(ExtensibilityGlobals) = postSolution
		SolutionGuid = {E1AB9548-D1EB-4BD1-BB29-C20624FDC6BF}
	EndGlobalSection
EndGlobal
