
Microsoft Visual Studio Solution File, Format Version 12.00
# Visual Studio 15
VisualStudioVersion = 15.0.28010.2036
MinimumVisualStudioVersion = 10.0.40219.1
Project("{FAE04EC0-301F-11D3-BF4B-00C04F79EFBC}") = "TwoSums", "TwoSums\TwoSums.csproj", "{A6D88F5D-8178-4751-A201-B5C2B0BC6D73}"
EndProject
Global
	GlobalSection(SolutionConfigurationPlatforms) = preSolution
		Debug|Any CPU = Debug|Any CPU
		Release|Any CPU = Release|Any CPU
	EndGlobalSection
	GlobalSection(ProjectConfigurationPlatforms) = postSolution
		{A6D88F5D-8178-4751-A201-B5C2B0BC6D73}.Debug|Any CPU.ActiveCfg = Debug|Any CPU
		{A6D88F5D-8178-4751-A201-B5C2B0BC6D73}.Debug|Any CPU.Build.0 = Debug|Any CPU
		{A6D88F5D-8178-4751-A201-B5C2B0BC6D73}.Release|Any CPU.ActiveCfg = Release|Any CPU
		{A6D88F5D-8178-4751-A201-B5C2B0BC6D73}.Release|Any CPU.Build.0 = Release|Any CPU
	EndGlobalSection
	GlobalSection(SolutionProperties) = preSolution
		HideSolutionNode = FALSE
	EndGlobalSection
	GlobalSection(ExtensibilityGlobals) = postSolution
		SolutionGuid = {74115D81-D384-4273-8B8F-903AE02CCC21}
	EndGlobalSection
EndGlobal
