
Microsoft Visual Studio Solution File, Format Version 12.00
# Visual Studio 15
VisualStudioVersion = 15.0.28307.136
MinimumVisualStudioVersion = 10.0.40219.1
Project("{FAE04EC0-301F-11D3-BF4B-00C04F79EFBC}") = "MaxIntInArray", "MaxIntInArray\MaxIntInArray.csproj", "{368F6FE7-D258-43CB-83A1-48C53A713EFD}"
EndProject
Global
	GlobalSection(SolutionConfigurationPlatforms) = preSolution
		Debug|Any CPU = Debug|Any CPU
		Release|Any CPU = Release|Any CPU
	EndGlobalSection
	GlobalSection(ProjectConfigurationPlatforms) = postSolution
		{368F6FE7-D258-43CB-83A1-48C53A713EFD}.Debug|Any CPU.ActiveCfg = Debug|Any CPU
		{368F6FE7-D258-43CB-83A1-48C53A713EFD}.Debug|Any CPU.Build.0 = Debug|Any CPU
		{368F6FE7-D258-43CB-83A1-48C53A713EFD}.Release|Any CPU.ActiveCfg = Release|Any CPU
		{368F6FE7-D258-43CB-83A1-48C53A713EFD}.Release|Any CPU.Build.0 = Release|Any CPU
	EndGlobalSection
	GlobalSection(SolutionProperties) = preSolution
		HideSolutionNode = FALSE
	EndGlobalSection
	GlobalSection(ExtensibilityGlobals) = postSolution
		SolutionGuid = {A3240E00-789E-481F-B1A5-D33A27DC9AE3}
	EndGlobalSection
EndGlobal
