
Microsoft Visual Studio Solution File, Format Version 12.00
# Visual Studio 15
VisualStudioVersion = 15.0.28307.136
MinimumVisualStudioVersion = 10.0.40219.1
Project("{FAE04EC0-301F-11D3-BF4B-00C04F79EFBC}") = "AllCombosOfAStringLengthK", "AllCombosOfAStringLengthK\AllCombosOfAStringLengthK.csproj", "{5B459ED2-2565-4D83-BAF4-6DBA61FC2A79}"
EndProject
Global
	GlobalSection(SolutionConfigurationPlatforms) = preSolution
		Debug|Any CPU = Debug|Any CPU
		Release|Any CPU = Release|Any CPU
	EndGlobalSection
	GlobalSection(ProjectConfigurationPlatforms) = postSolution
		{5B459ED2-2565-4D83-BAF4-6DBA61FC2A79}.Debug|Any CPU.ActiveCfg = Debug|Any CPU
		{5B459ED2-2565-4D83-BAF4-6DBA61FC2A79}.Debug|Any CPU.Build.0 = Debug|Any CPU
		{5B459ED2-2565-4D83-BAF4-6DBA61FC2A79}.Release|Any CPU.ActiveCfg = Release|Any CPU
		{5B459ED2-2565-4D83-BAF4-6DBA61FC2A79}.Release|Any CPU.Build.0 = Release|Any CPU
	EndGlobalSection
	GlobalSection(SolutionProperties) = preSolution
		HideSolutionNode = FALSE
	EndGlobalSection
	GlobalSection(ExtensibilityGlobals) = postSolution
		SolutionGuid = {178696DC-5C12-4FAC-87CD-A09CA8130791}
	EndGlobalSection
EndGlobal
