
Microsoft Visual Studio Solution File, Format Version 12.00
# Visual Studio 15
VisualStudioVersion = 15.0.28307.168
MinimumVisualStudioVersion = 10.0.40219.1
Project("{FAE04EC0-301F-11D3-BF4B-00C04F79EFBC}") = "MaxRepeatingChar", "MaxRepeatingChar\MaxRepeatingChar.csproj", "{02C2A9ED-4D13-47B6-8297-5602422001F6}"
EndProject
Global
	GlobalSection(SolutionConfigurationPlatforms) = preSolution
		Debug|Any CPU = Debug|Any CPU
		Release|Any CPU = Release|Any CPU
	EndGlobalSection
	GlobalSection(ProjectConfigurationPlatforms) = postSolution
		{02C2A9ED-4D13-47B6-8297-5602422001F6}.Debug|Any CPU.ActiveCfg = Debug|Any CPU
		{02C2A9ED-4D13-47B6-8297-5602422001F6}.Debug|Any CPU.Build.0 = Debug|Any CPU
		{02C2A9ED-4D13-47B6-8297-5602422001F6}.Release|Any CPU.ActiveCfg = Release|Any CPU
		{02C2A9ED-4D13-47B6-8297-5602422001F6}.Release|Any CPU.Build.0 = Release|Any CPU
	EndGlobalSection
	GlobalSection(SolutionProperties) = preSolution
		HideSolutionNode = FALSE
	EndGlobalSection
	GlobalSection(ExtensibilityGlobals) = postSolution
		SolutionGuid = {964237D3-1D25-4653-8EAA-C437B8B4E8C3}
	EndGlobalSection
EndGlobal
