
Microsoft Visual Studio Solution File, Format Version 12.00
# Visual Studio 15
VisualStudioVersion = 15.0.28307.102
MinimumVisualStudioVersion = 10.0.40219.1
Project("{FAE04EC0-301F-11D3-BF4B-00C04F79EFBC}") = "MaxPathSum", "MaxPathSum\MaxPathSum.csproj", "{259A0F36-AA1A-4345-B39B-3CD6C49B9C2F}"
EndProject
Global
	GlobalSection(SolutionConfigurationPlatforms) = preSolution
		Debug|Any CPU = Debug|Any CPU
		Release|Any CPU = Release|Any CPU
	EndGlobalSection
	GlobalSection(ProjectConfigurationPlatforms) = postSolution
		{259A0F36-AA1A-4345-B39B-3CD6C49B9C2F}.Debug|Any CPU.ActiveCfg = Debug|Any CPU
		{259A0F36-AA1A-4345-B39B-3CD6C49B9C2F}.Debug|Any CPU.Build.0 = Debug|Any CPU
		{259A0F36-AA1A-4345-B39B-3CD6C49B9C2F}.Release|Any CPU.ActiveCfg = Release|Any CPU
		{259A0F36-AA1A-4345-B39B-3CD6C49B9C2F}.Release|Any CPU.Build.0 = Release|Any CPU
	EndGlobalSection
	GlobalSection(SolutionProperties) = preSolution
		HideSolutionNode = FALSE
	EndGlobalSection
	GlobalSection(ExtensibilityGlobals) = postSolution
		SolutionGuid = {09EF1FF2-F281-465C-9677-D18915AFF653}
	EndGlobalSection
EndGlobal
