
Microsoft Visual Studio Solution File, Format Version 12.00
# Visual Studio 15
VisualStudioVersion = 15.0.28010.2046
MinimumVisualStudioVersion = 10.0.40219.1
Project("{FAE04EC0-301F-11D3-BF4B-00C04F79EFBC}") = "DetectCapital", "DetectCapital\DetectCapital.csproj", "{39B5F568-C36B-46B8-8CBE-2F38C5B51672}"
EndProject
Global
	GlobalSection(SolutionConfigurationPlatforms) = preSolution
		Debug|Any CPU = Debug|Any CPU
		Release|Any CPU = Release|Any CPU
	EndGlobalSection
	GlobalSection(ProjectConfigurationPlatforms) = postSolution
		{39B5F568-C36B-46B8-8CBE-2F38C5B51672}.Debug|Any CPU.ActiveCfg = Debug|Any CPU
		{39B5F568-C36B-46B8-8CBE-2F38C5B51672}.Debug|Any CPU.Build.0 = Debug|Any CPU
		{39B5F568-C36B-46B8-8CBE-2F38C5B51672}.Release|Any CPU.ActiveCfg = Release|Any CPU
		{39B5F568-C36B-46B8-8CBE-2F38C5B51672}.Release|Any CPU.Build.0 = Release|Any CPU
	EndGlobalSection
	GlobalSection(SolutionProperties) = preSolution
		HideSolutionNode = FALSE
	EndGlobalSection
	GlobalSection(ExtensibilityGlobals) = postSolution
		SolutionGuid = {B62D4624-D563-4A14-AF40-90859716A121}
	EndGlobalSection
EndGlobal
