
Microsoft Visual Studio Solution File, Format Version 12.00
# Visual Studio 15
VisualStudioVersion = 15.0.28010.2003
MinimumVisualStudioVersion = 10.0.40219.1
Project("{FAE04EC0-301F-11D3-BF4B-00C04F79EFBC}") = "CapitalizeLetter", "CapitalizeLetter\CapitalizeLetter.csproj", "{BBEFADFA-907B-4916-B395-CE6C6583C297}"
EndProject
Global
	GlobalSection(SolutionConfigurationPlatforms) = preSolution
		Debug|Any CPU = Debug|Any CPU
		Release|Any CPU = Release|Any CPU
	EndGlobalSection
	GlobalSection(ProjectConfigurationPlatforms) = postSolution
		{BBEFADFA-907B-4916-B395-CE6C6583C297}.Debug|Any CPU.ActiveCfg = Debug|Any CPU
		{BBEFADFA-907B-4916-B395-CE6C6583C297}.Debug|Any CPU.Build.0 = Debug|Any CPU
		{BBEFADFA-907B-4916-B395-CE6C6583C297}.Release|Any CPU.ActiveCfg = Release|Any CPU
		{BBEFADFA-907B-4916-B395-CE6C6583C297}.Release|Any CPU.Build.0 = Release|Any CPU
	EndGlobalSection
	GlobalSection(SolutionProperties) = preSolution
		HideSolutionNode = FALSE
	EndGlobalSection
	GlobalSection(ExtensibilityGlobals) = postSolution
		SolutionGuid = {9EEDDCEA-DFD0-4B04-BFD8-CEA4175529C4}
	EndGlobalSection
EndGlobal
