
Microsoft Visual Studio Solution File, Format Version 12.00
# Visual Studio 15
VisualStudioVersion = 15.0.27703.2042
MinimumVisualStudioVersion = 10.0.40219.1
Project("{9A19103F-16F7-4668-BE54-9A1E7A4F7556}") = "MergeSort", "MergeSort\MergeSort.csproj", "{7E0C2563-415B-416E-A4CC-2831380C757F}"
EndProject
Project("{FAE04EC0-301F-11D3-BF4B-00C04F79EFBC}") = "TestMergeSort", "TestMergeSort\TestMergeSort.csproj", "{B6B6CC16-BEA0-4EEA-93F9-9CE1FCC9C71A}"
EndProject
Global
	GlobalSection(SolutionConfigurationPlatforms) = preSolution
		Debug|Any CPU = Debug|Any CPU
		Release|Any CPU = Release|Any CPU
	EndGlobalSection
	GlobalSection(ProjectConfigurationPlatforms) = postSolution
		{7E0C2563-415B-416E-A4CC-2831380C757F}.Debug|Any CPU.ActiveCfg = Debug|Any CPU
		{7E0C2563-415B-416E-A4CC-2831380C757F}.Debug|Any CPU.Build.0 = Debug|Any CPU
		{7E0C2563-415B-416E-A4CC-2831380C757F}.Release|Any CPU.ActiveCfg = Release|Any CPU
		{7E0C2563-415B-416E-A4CC-2831380C757F}.Release|Any CPU.Build.0 = Release|Any CPU
		{B6B6CC16-BEA0-4EEA-93F9-9CE1FCC9C71A}.Debug|Any CPU.ActiveCfg = Debug|Any CPU
		{B6B6CC16-BEA0-4EEA-93F9-9CE1FCC9C71A}.Debug|Any CPU.Build.0 = Debug|Any CPU
		{B6B6CC16-BEA0-4EEA-93F9-9CE1FCC9C71A}.Release|Any CPU.ActiveCfg = Release|Any CPU
		{B6B6CC16-BEA0-4EEA-93F9-9CE1FCC9C71A}.Release|Any CPU.Build.0 = Release|Any CPU
	EndGlobalSection
	GlobalSection(SolutionProperties) = preSolution
		HideSolutionNode = FALSE
	EndGlobalSection
	GlobalSection(ExtensibilityGlobals) = postSolution
		SolutionGuid = {9B04F7FB-4B71-45C9-800F-556E27F0AD6B}
	EndGlobalSection
EndGlobal
