
Microsoft Visual Studio Solution File, Format Version 12.00
# Visual Studio 15
VisualStudioVersion = 15.0.28307.329
MinimumVisualStudioVersion = 10.0.40219.1
Project("{FAE04EC0-301F-11D3-BF4B-00C04F79EFBC}") = "PrintVerticalBT", "PrintVerticalBT\PrintVerticalBT.csproj", "{9EE40A0A-2D5F-4E89-ADB1-DA7B60E77287}"
EndProject
Global
	GlobalSection(SolutionConfigurationPlatforms) = preSolution
		Debug|Any CPU = Debug|Any CPU
		Release|Any CPU = Release|Any CPU
	EndGlobalSection
	GlobalSection(ProjectConfigurationPlatforms) = postSolution
		{9EE40A0A-2D5F-4E89-ADB1-DA7B60E77287}.Debug|Any CPU.ActiveCfg = Debug|Any CPU
		{9EE40A0A-2D5F-4E89-ADB1-DA7B60E77287}.Debug|Any CPU.Build.0 = Debug|Any CPU
		{9EE40A0A-2D5F-4E89-ADB1-DA7B60E77287}.Release|Any CPU.ActiveCfg = Release|Any CPU
		{9EE40A0A-2D5F-4E89-ADB1-DA7B60E77287}.Release|Any CPU.Build.0 = Release|Any CPU
	EndGlobalSection
	GlobalSection(SolutionProperties) = preSolution
		HideSolutionNode = FALSE
	EndGlobalSection
	GlobalSection(ExtensibilityGlobals) = postSolution
		SolutionGuid = {BC042A4F-0C1F-4262-9E5C-D8EDC40624EE}
	EndGlobalSection
EndGlobal
